
Microsoft Visual Studio Solution File, Format Version 12.00
# Visual Studio Version 17
VisualStudioVersion = 17.3.32929.385
MinimumVisualStudioVersion = 10.0.40219.1
Project("{FAE04EC0-301F-11D3-BF4B-00C04F79EFBC}") = "Blanch", "Blanch.csproj", "{9453DBA7-6374-4635-B27C-F49BA7707CCC}"
EndProject
Global
	GlobalSection(SolutionConfigurationPlatforms) = preSolution
		Debug|Any CPU = Debug|Any CPU
		Release|Any CPU = Release|Any CPU
	EndGlobalSection
	GlobalSection(ProjectConfigurationPlatforms) = postSolution
		{9453DBA7-6374-4635-B27C-F49BA7707CCC}.Debug|Any CPU.ActiveCfg = Debug|Any CPU
		{9453DBA7-6374-4635-B27C-F49BA7707CCC}.Debug|Any CPU.Build.0 = Debug|Any CPU
		{9453DBA7-6374-4635-B27C-F49BA7707CCC}.Release|Any CPU.ActiveCfg = Release|Any CPU
		{9453DBA7-6374-4635-B27C-F49BA7707CCC}.Release|Any CPU.Build.0 = Release|Any CPU
	EndGlobalSection
	GlobalSection(SolutionProperties) = preSolution
		HideSolutionNode = FALSE
	EndGlobalSection
	GlobalSection(ExtensibilityGlobals) = postSolution
		SolutionGuid = {475F51FB-FEB2-41CD-AB1B-C76412483175}
	EndGlobalSection
EndGlobal
